
Microsoft Visual Studio Solution File, Format Version 12.00
# Visual Studio 15
VisualStudioVersion = 15.0.28307.572
MinimumVisualStudioVersion = 10.0.40219.1
Project("{FAE04EC0-301F-11D3-BF4B-00C04F79EFBC}") = "View", "View\View.csproj", "{31248C8E-E9B8-4184-A3AC-9C5F69FED596}"
EndProject
Project("{FAE04EC0-301F-11D3-BF4B-00C04F79EFBC}") = "Model", "Model\Model.csproj", "{77196012-4FD2-45AD-8A0C-A1E26ADC6051}"
EndProject
Project("{FAE04EC0-301F-11D3-BF4B-00C04F79EFBC}") = "Repository", "Repository\Repository.csproj", "{95041B74-50FB-4530-BE37-7A599742301E}"
EndProject
Global
	GlobalSection(SolutionConfigurationPlatforms) = preSolution
		Debug|Any CPU = Debug|Any CPU
		Release|Any CPU = Release|Any CPU
	EndGlobalSection
	GlobalSection(ProjectConfigurationPlatforms) = postSolution
		{31248C8E-E9B8-4184-A3AC-9C5F69FED596}.Debug|Any CPU.ActiveCfg = Debug|Any CPU
		{31248C8E-E9B8-4184-A3AC-9C5F69FED596}.Debug|Any CPU.Build.0 = Debug|Any CPU
		{31248C8E-E9B8-4184-A3AC-9C5F69FED596}.Release|Any CPU.ActiveCfg = Release|Any CPU
		{31248C8E-E9B8-4184-A3AC-9C5F69FED596}.Release|Any CPU.Build.0 = Release|Any CPU
		{77196012-4FD2-45AD-8A0C-A1E26ADC6051}.Debug|Any CPU.ActiveCfg = Debug|Any CPU
		{77196012-4FD2-45AD-8A0C-A1E26ADC6051}.Debug|Any CPU.Build.0 = Debug|Any CPU
		{77196012-4FD2-45AD-8A0C-A1E26ADC6051}.Release|Any CPU.ActiveCfg = Release|Any CPU
		{77196012-4FD2-45AD-8A0C-A1E26ADC6051}.Release|Any CPU.Build.0 = Release|Any CPU
		{95041B74-50FB-4530-BE37-7A599742301E}.Debug|Any CPU.ActiveCfg = Debug|Any CPU
		{95041B74-50FB-4530-BE37-7A599742301E}.Debug|Any CPU.Build.0 = Debug|Any CPU
		{95041B74-50FB-4530-BE37-7A599742301E}.Release|Any CPU.ActiveCfg = Release|Any CPU
		{95041B74-50FB-4530-BE37-7A599742301E}.Release|Any CPU.Build.0 = Release|Any CPU
	EndGlobalSection
	GlobalSection(SolutionProperties) = preSolution
		HideSolutionNode = FALSE
	EndGlobalSection
	GlobalSection(ExtensibilityGlobals) = postSolution
		SolutionGuid = {738941D1-73B6-4F5F-B145-F19BA90BFD47}
	EndGlobalSection
EndGlobal
